// !$*UTF8*$!
{
	archiveVersion = 1;
	classes = {
	};
	objectVersion = 46;
	objects = {

/* Begin PBXBuildFile section */
		1D3623260D0F684500981E51 /* RDAppDelegate.m in Sources */ = {isa = PBXBuildFile; fileRef = 1D3623250D0F684500981E51 /* RDAppDelegate.m */; };
		1D60589B0D05DD56006BFB54 /* main.m in Sources */ = {isa = PBXBuildFile; fileRef = 29B97316FDCFA39411CA2CEA /* main.m */; };
		1D60589F0D05DD5A006BFB54 /* Foundation.framework in Frameworks */ = {isa = PBXBuildFile; fileRef = 1D30AB110D05D00D00671497 /* Foundation.framework */; };
		1DF5F4E00D08C38300B7A737 /* UIKit.framework in Frameworks */ = {isa = PBXBuildFile; fileRef = 1DF5F4DF0D08C38300B7A737 /* UIKit.framework */; };
		28860BE50F44EE6400985440 /* CoreData.framework in Frameworks */ = {isa = PBXBuildFile; fileRef = 28860BE40F44EE6400985440 /* CoreData.framework */; };
		2892E4100DC94CBA00A64D0F /* CoreGraphics.framework in Frameworks */ = {isa = PBXBuildFile; fileRef = 2892E40F0DC94CBA00A64D0F /* CoreGraphics.framework */; };
		28AD73600D9D9599002E5188 /* MainWindow.xib in Resources */ = {isa = PBXBuildFile; fileRef = 28AD735F0D9D9599002E5188 /* MainWindow.xib */; };
		28D3F202112F7DC200FD0661 /* RainbowDrinks.xcdatamodeld in Sources */ = {isa = PBXBuildFile; fileRef = 28D3F201112F7DC200FD0661 /* RainbowDrinks.xcdatamodeld */; };
		FD53F107140215B50094D17E /* RDStorage.m in Sources */ = {isa = PBXBuildFile; fileRef = FD53F106140215B50094D17E /* RDStorage.m */; };
		FD53F10A140215CA0094D17E /* RDUser.m in Sources */ = {isa = PBXBuildFile; fileRef = FD53F109140215CA0094D17E /* RDUser.m */; };
		FDDB77C213E61BC7001DF23E /* RDWelcomeViewController.m in Sources */ = {isa = PBXBuildFile; fileRef = FDDB77C113E61BC7001DF23E /* RDWelcomeViewController.m */; };
		FDDB77C913E6286A001DF23E /* RDNewUserViewController.m in Sources */ = {isa = PBXBuildFile; fileRef = FDDB77C813E6286A001DF23E /* RDNewUserViewController.m */; };
		FDDB77CC13E628A1001DF23E /* RDChooseUserViewController.m in Sources */ = {isa = PBXBuildFile; fileRef = FDDB77CB13E628A1001DF23E /* RDChooseUserViewController.m */; };
		FDE382E713C93DF700B5032C /* RDWelcomeView.xib in Resources */ = {isa = PBXBuildFile; fileRef = FDE382E613C93DF700B5032C /* RDWelcomeView.xib */; };
		FDE382E913C93F2700B5032C /* RDNewUserView.xib in Resources */ = {isa = PBXBuildFile; fileRef = FDE382E813C93F2700B5032C /* RDNewUserView.xib */; };
		FDE382EF13C9433300B5032C /* RDChooseUserView.xib in Resources */ = {isa = PBXBuildFile; fileRef = FDE382EE13C9433300B5032C /* RDChooseUserView.xib */; };
		FDE382F113C9448700B5032C /* RDChooseCategory.xib in Resources */ = {isa = PBXBuildFile; fileRef = FDE382F013C9448700B5032C /* RDChooseCategory.xib */; };
		FDE382F313C9459800B5032C /* RDChooseDrink.xib in Resources */ = {isa = PBXBuildFile; fileRef = FDE382F213C9459800B5032C /* RDChooseDrink.xib */; };
		FDE382F513C946A000B5032C /* RDMixingDrink.xib in Resources */ = {isa = PBXBuildFile; fileRef = FDE382F413C946A000B5032C /* RDMixingDrink.xib */; };
/* End PBXBuildFile section */

/* Begin PBXFileReference section */
		1D30AB110D05D00D00671497 /* Foundation.framework */ = {isa = PBXFileReference; lastKnownFileType = wrapper.framework; name = Foundation.framework; path = System/Library/Frameworks/Foundation.framework; sourceTree = SDKROOT; };
		1D3623240D0F684500981E51 /* RDAppDelegate.h */ = {isa = PBXFileReference; fileEncoding = 4; lastKnownFileType = sourcecode.c.h; path = RDAppDelegate.h; sourceTree = "<group>"; usesTabs = 1; };
		1D3623250D0F684500981E51 /* RDAppDelegate.m */ = {isa = PBXFileReference; fileEncoding = 4; lastKnownFileType = sourcecode.c.objc; path = RDAppDelegate.m; sourceTree = "<group>"; usesTabs = 1; };
		1D6058910D05DD3D006BFB54 /* RainbowDrinks.app */ = {isa = PBXFileReference; explicitFileType = wrapper.application; includeInIndex = 0; path = RainbowDrinks.app; sourceTree = BUILT_PRODUCTS_DIR; };
		1DF5F4DF0D08C38300B7A737 /* UIKit.framework */ = {isa = PBXFileReference; lastKnownFileType = wrapper.framework; name = UIKit.framework; path = System/Library/Frameworks/UIKit.framework; sourceTree = SDKROOT; };
		28860B760F44E54D00985440 /* RainbowDrinks.xcdatamodel */ = {isa = PBXFileReference; fileEncoding = 4; lastKnownFileType = wrapper.xcdatamodel; path = RainbowDrinks.xcdatamodel; sourceTree = "<group>"; };
		28860BE40F44EE6400985440 /* CoreData.framework */ = {isa = PBXFileReference; lastKnownFileType = wrapper.framework; name = CoreData.framework; path = System/Library/Frameworks/CoreData.framework; sourceTree = SDKROOT; };
		2892E40F0DC94CBA00A64D0F /* CoreGraphics.framework */ = {isa = PBXFileReference; lastKnownFileType = wrapper.framework; name = CoreGraphics.framework; path = System/Library/Frameworks/CoreGraphics.framework; sourceTree = SDKROOT; };
		28A0AAE50D9B0CCF005BE974 /* RainbowDrinks_Prefix.pch */ = {isa = PBXFileReference; fileEncoding = 4; lastKnownFileType = sourcecode.c.h; path = RainbowDrinks_Prefix.pch; sourceTree = "<group>"; usesTabs = 1; };
		28AD735F0D9D9599002E5188 /* MainWindow.xib */ = {isa = PBXFileReference; lastKnownFileType = file.xib; path = MainWindow.xib; sourceTree = "<group>"; };
		29B97316FDCFA39411CA2CEA /* main.m */ = {isa = PBXFileReference; fileEncoding = 4; lastKnownFileType = sourcecode.c.objc; path = main.m; sourceTree = "<group>"; usesTabs = 1; };
		8D1107310486CEB800E47090 /* RainbowDrinks-Info.plist */ = {isa = PBXFileReference; fileEncoding = 4; lastKnownFileType = text.plist.xml; path = "RainbowDrinks-Info.plist"; plistStructureDefinitionIdentifier = "com.apple.xcode.plist.structure-definition.iphone.info-plist"; sourceTree = "<group>"; };
		FD53F105140215B50094D17E /* RDStorage.h */ = {isa = PBXFileReference; fileEncoding = 4; lastKnownFileType = sourcecode.c.h; path = RDStorage.h; sourceTree = "<group>"; usesTabs = 1; };
		FD53F106140215B50094D17E /* RDStorage.m */ = {isa = PBXFileReference; fileEncoding = 4; lastKnownFileType = sourcecode.c.objc; path = RDStorage.m; sourceTree = "<group>"; usesTabs = 1; };
		FD53F108140215CA0094D17E /* RDUser.h */ = {isa = PBXFileReference; fileEncoding = 4; lastKnownFileType = sourcecode.c.h; path = RDUser.h; sourceTree = "<group>"; usesTabs = 1; };
		FD53F109140215CA0094D17E /* RDUser.m */ = {isa = PBXFileReference; fileEncoding = 4; lastKnownFileType = sourcecode.c.objc; path = RDUser.m; sourceTree = "<group>"; usesTabs = 1; };
		FDDB77C013E61BC7001DF23E /* RDWelcomeViewController.h */ = {isa = PBXFileReference; fileEncoding = 4; lastKnownFileType = sourcecode.c.h; path = RDWelcomeViewController.h; sourceTree = "<group>"; usesTabs = 1; };
		FDDB77C113E61BC7001DF23E /* RDWelcomeViewController.m */ = {isa = PBXFileReference; fileEncoding = 4; lastKnownFileType = sourcecode.c.objc; path = RDWelcomeViewController.m; sourceTree = "<group>"; usesTabs = 1; };
		FDDB77C713E6286A001DF23E /* RDNewUserViewController.h */ = {isa = PBXFileReference; fileEncoding = 4; lastKnownFileType = sourcecode.c.h; path = RDNewUserViewController.h; sourceTree = "<group>"; usesTabs = 1; };
		FDDB77C813E6286A001DF23E /* RDNewUserViewController.m */ = {isa = PBXFileReference; fileEncoding = 4; lastKnownFileType = sourcecode.c.objc; path = RDNewUserViewController.m; sourceTree = "<group>"; usesTabs = 1; };
		FDDB77CA13E628A1001DF23E /* RDChooseUserViewController.h */ = {isa = PBXFileReference; fileEncoding = 4; lastKnownFileType = sourcecode.c.h; path = RDChooseUserViewController.h; sourceTree = "<group>"; usesTabs = 1; };
		FDDB77CB13E628A1001DF23E /* RDChooseUserViewController.m */ = {isa = PBXFileReference; fileEncoding = 4; lastKnownFileType = sourcecode.c.objc; path = RDChooseUserViewController.m; sourceTree = "<group>"; usesTabs = 1; };
		FDE382E613C93DF700B5032C /* RDWelcomeView.xib */ = {isa = PBXFileReference; lastKnownFileType = file.xib; path = RDWelcomeView.xib; sourceTree = "<group>"; };
		FDE382E813C93F2700B5032C /* RDNewUserView.xib */ = {isa = PBXFileReference; lastKnownFileType = file.xib; path = RDNewUserView.xib; sourceTree = "<group>"; };
		FDE382EE13C9433300B5032C /* RDChooseUserView.xib */ = {isa = PBXFileReference; lastKnownFileType = file.xib; path = RDChooseUserView.xib; sourceTree = "<group>"; };
		FDE382F013C9448700B5032C /* RDChooseCategory.xib */ = {isa = PBXFileReference; lastKnownFileType = file.xib; name = RDChooseCategory.xib; path = ChooseCategory.xib; sourceTree = "<group>"; };
		FDE382F213C9459800B5032C /* RDChooseDrink.xib */ = {isa = PBXFileReference; lastKnownFileType = file.xib; name = RDChooseDrink.xib; path = ChooseDrink.xib; sourceTree = "<group>"; };
		FDE382F413C946A000B5032C /* RDMixingDrink.xib */ = {isa = PBXFileReference; lastKnownFileType = file.xib; name = RDMixingDrink.xib; path = MixingDrink.xib; sourceTree = "<group>"; };
/* End PBXFileReference section */

/* Begin PBXFrameworksBuildPhase section */
		1D60588F0D05DD3D006BFB54 /* Frameworks */ = {
			isa = PBXFrameworksBuildPhase;
			buildActionMask = 2147483647;
			files = (
				1D60589F0D05DD5A006BFB54 /* Foundation.framework in Frameworks */,
				1DF5F4E00D08C38300B7A737 /* UIKit.framework in Frameworks */,
				2892E4100DC94CBA00A64D0F /* CoreGraphics.framework in Frameworks */,
				28860BE50F44EE6400985440 /* CoreData.framework in Frameworks */,
			);
			runOnlyForDeploymentPostprocessing = 0;
		};
/* End PBXFrameworksBuildPhase section */

/* Begin PBXGroup section */
		080E96DDFE201D6D7F000001 /* Classes */ = {
			isa = PBXGroup;
			children = (
				1D3623240D0F684500981E51 /* RDAppDelegate.h */,
				1D3623250D0F684500981E51 /* RDAppDelegate.m */,
				FDDB77C013E61BC7001DF23E /* RDWelcomeViewController.h */,
				FDDB77C113E61BC7001DF23E /* RDWelcomeViewController.m */,
				FDDB77C713E6286A001DF23E /* RDNewUserViewController.h */,
				FDDB77C813E6286A001DF23E /* RDNewUserViewController.m */,
				FDDB77CA13E628A1001DF23E /* RDChooseUserViewController.h */,
				FDDB77CB13E628A1001DF23E /* RDChooseUserViewController.m */,
				FD53F105140215B50094D17E /* RDStorage.h */,
				FD53F106140215B50094D17E /* RDStorage.m */,
				FD53F108140215CA0094D17E /* RDUser.h */,
				FD53F109140215CA0094D17E /* RDUser.m */,
			);
			path = Classes;
			sourceTree = "<group>";
		};
		19C28FACFE9D520D11CA2CBB /* Products */ = {
			isa = PBXGroup;
			children = (
				1D6058910D05DD3D006BFB54 /* RainbowDrinks.app */,
			);
			name = Products;
			sourceTree = "<group>";
		};
		29B97314FDCFA39411CA2CEA /* CustomTemplate */ = {
			isa = PBXGroup;
			children = (
				080E96DDFE201D6D7F000001 /* Classes */,
				29B97315FDCFA39411CA2CEA /* Other Sources */,
				29B97317FDCFA39411CA2CEA /* Resources */,
				29B97323FDCFA39411CA2CEA /* Frameworks */,
				19C28FACFE9D520D11CA2CBB /* Products */,
			);
			name = CustomTemplate;
			sourceTree = "<group>";
		};
		29B97315FDCFA39411CA2CEA /* Other Sources */ = {
			isa = PBXGroup;
			children = (
				28A0AAE50D9B0CCF005BE974 /* RainbowDrinks_Prefix.pch */,
				29B97316FDCFA39411CA2CEA /* main.m */,
			);
			name = "Other Sources";
			sourceTree = "<group>";
		};
		29B97317FDCFA39411CA2CEA /* Resources */ = {
			isa = PBXGroup;
			children = (
				8D1107310486CEB800E47090 /* RainbowDrinks-Info.plist */,
				28D3F201112F7DC200FD0661 /* RainbowDrinks.xcdatamodeld */,
				28AD735F0D9D9599002E5188 /* MainWindow.xib */,
				FDE382E613C93DF700B5032C /* RDWelcomeView.xib */,
				FDE382E813C93F2700B5032C /* RDNewUserView.xib */,
				FDE382EE13C9433300B5032C /* RDChooseUserView.xib */,
				FDE382F013C9448700B5032C /* RDChooseCategory.xib */,
				FDE382F213C9459800B5032C /* RDChooseDrink.xib */,
				FDE382F413C946A000B5032C /* RDMixingDrink.xib */,
			);
			path = Resources;
			sourceTree = "<group>";
		};
		29B97323FDCFA39411CA2CEA /* Frameworks */ = {
			isa = PBXGroup;
			children = (
				1DF5F4DF0D08C38300B7A737 /* UIKit.framework */,
				1D30AB110D05D00D00671497 /* Foundation.framework */,
				2892E40F0DC94CBA00A64D0F /* CoreGraphics.framework */,
				28860BE40F44EE6400985440 /* CoreData.framework */,
			);
			name = Frameworks;
			sourceTree = "<group>";
		};
/* End PBXGroup section */

/* Begin PBXNativeTarget section */
		1D6058900D05DD3D006BFB54 /* RainbowDrinks */ = {
			isa = PBXNativeTarget;
			buildConfigurationList = 1D6058960D05DD3E006BFB54 /* Build configuration list for PBXNativeTarget "RainbowDrinks" */;
			buildPhases = (
				1D60588D0D05DD3D006BFB54 /* Resources */,
				1D60588E0D05DD3D006BFB54 /* Sources */,
				1D60588F0D05DD3D006BFB54 /* Frameworks */,
			);
			buildRules = (
			);
			dependencies = (
			);
			name = RainbowDrinks;
			productName = RainbowDrinks;
			productReference = 1D6058910D05DD3D006BFB54 /* RainbowDrinks.app */;
			productType = "com.apple.product-type.application";
		};
/* End PBXNativeTarget section */

/* Begin PBXProject section */
		29B97313FDCFA39411CA2CEA /* Project object */ = {
			isa = PBXProject;
			buildConfigurationList = C01FCF4E08A954540054247B /* Build configuration list for PBXProject "RainbowDrinks" */;
			compatibilityVersion = "Xcode 3.2";
			developmentRegion = English;
			hasScannedForEncodings = 1;
			knownRegions = (
				English,
				Japanese,
				French,
				German,
				en,
			);
			mainGroup = 29B97314FDCFA39411CA2CEA /* CustomTemplate */;
			projectDirPath = "";
			projectRoot = "";
			targets = (
				1D6058900D05DD3D006BFB54 /* RainbowDrinks */,
			);
		};
/* End PBXProject section */

/* Begin PBXResourcesBuildPhase section */
		1D60588D0D05DD3D006BFB54 /* Resources */ = {
			isa = PBXResourcesBuildPhase;
			buildActionMask = 2147483647;
			files = (
				28AD73600D9D9599002E5188 /* MainWindow.xib in Resources */,
				FDE382E713C93DF700B5032C /* RDWelcomeView.xib in Resources */,
				FDE382E913C93F2700B5032C /* RDNewUserView.xib in Resources */,
				FDE382EF13C9433300B5032C /* RDChooseUserView.xib in Resources */,
				FDE382F113C9448700B5032C /* RDChooseCategory.xib in Resources */,
				FDE382F313C9459800B5032C /* RDChooseDrink.xib in Resources */,
				FDE382F513C946A000B5032C /* RDMixingDrink.xib in Resources */,
			);
			runOnlyForDeploymentPostprocessing = 0;
		};
/* End PBXResourcesBuildPhase section */

/* Begin PBXSourcesBuildPhase section */
		1D60588E0D05DD3D006BFB54 /* Sources */ = {
			isa = PBXSourcesBuildPhase;
			buildActionMask = 2147483647;
			files = (
				1D60589B0D05DD56006BFB54 /* main.m in Sources */,
				1D3623260D0F684500981E51 /* RDAppDelegate.m in Sources */,
				28D3F202112F7DC200FD0661 /* RainbowDrinks.xcdatamodeld in Sources */,
				FDDB77C213E61BC7001DF23E /* RDWelcomeViewController.m in Sources */,
				FDDB77C913E6286A001DF23E /* RDNewUserViewController.m in Sources */,
				FDDB77CC13E628A1001DF23E /* RDChooseUserViewController.m in Sources */,
				FD53F107140215B50094D17E /* RDStorage.m in Sources */,
				FD53F10A140215CA0094D17E /* RDUser.m in Sources */,
			);
			runOnlyForDeploymentPostprocessing = 0;
		};
/* End PBXSourcesBuildPhase section */

/* Begin XCBuildConfiguration section */
		1D6058940D05DD3E006BFB54 /* Debug */ = {
			isa = XCBuildConfiguration;
			buildSettings = {
				ALWAYS_SEARCH_USER_PATHS = NO;
				COPY_PHASE_STRIP = NO;
				GCC_DYNAMIC_NO_PIC = NO;
				GCC_OPTIMIZATION_LEVEL = 0;
				GCC_PRECOMPILE_PREFIX_HEADER = YES;
				GCC_PREFIX_HEADER = RainbowDrinks_Prefix.pch;
				INFOPLIST_FILE = "Resources/RainbowDrinks-Info.plist";
				PRODUCT_NAME = RainbowDrinks;
			};
			name = Debug;
		};
		1D6058950D05DD3E006BFB54 /* Release */ = {
			isa = XCBuildConfiguration;
			buildSettings = {
				ALWAYS_SEARCH_USER_PATHS = NO;
				COPY_PHASE_STRIP = YES;
				GCC_PRECOMPILE_PREFIX_HEADER = YES;
				GCC_PREFIX_HEADER = RainbowDrinks_Prefix.pch;
				INFOPLIST_FILE = "Resources/RainbowDrinks-Info.plist";
				PRODUCT_NAME = RainbowDrinks;
				VALIDATE_PRODUCT = YES;
			};
			name = Release;
		};
		C01FCF4F08A954540054247B /* Debug */ = {
			isa = XCBuildConfiguration;
			buildSettings = {
				ARCHS = "$(ARCHS_STANDARD_32_BIT)";
				"CODE_SIGN_IDENTITY[sdk=iphoneos*]" = "iPhone Developer";
				GCC_C_LANGUAGE_STANDARD = c99;
				GCC_WARN_ABOUT_RETURN_TYPE = YES;
				GCC_WARN_UNUSED_VARIABLE = YES;
				PREBINDING = NO;
				SDKROOT = iphoneos;
				TARGETED_DEVICE_FAMILY = 2;
			};
			name = Debug;
		};
		C01FCF5008A954540054247B /* Release */ = {
			isa = XCBuildConfiguration;
			buildSettings = {
				ARCHS = "$(ARCHS_STANDARD_32_BIT)";
				"CODE_SIGN_IDENTITY[sdk=iphoneos*]" = "iPhone Developer";
				GCC_C_LANGUAGE_STANDARD = c99;
				GCC_WARN_ABOUT_RETURN_TYPE = YES;
				GCC_WARN_UNUSED_VARIABLE = YES;
				OTHER_CFLAGS = "-DNS_BLOCK_ASSERTIONS=1";
				PREBINDING = NO;
				SDKROOT = iphoneos;
				TARGETED_DEVICE_FAMILY = 2;
			};
			name = Release;
		};
/* End XCBuildConfiguration section */

/* Begin XCConfigurationList section */
		1D6058960D05DD3E006BFB54 /* Build configuration list for PBXNativeTarget "RainbowDrinks" */ = {
			isa = XCConfigurationList;
			buildConfigurations = (
				1D6058940D05DD3E006BFB54 /* Debug */,
				1D6058950D05DD3E006BFB54 /* Release */,
			);
			defaultConfigurationIsVisible = 0;
			defaultConfigurationName = Release;
		};
		C01FCF4E08A954540054247B /* Build configuration list for PBXProject "RainbowDrinks" */ = {
			isa = XCConfigurationList;
			buildConfigurations = (
				C01FCF4F08A954540054247B /* Debug */,
				C01FCF5008A954540054247B /* Release */,
			);
			defaultConfigurationIsVisible = 0;
			defaultConfigurationName = Release;
		};
/* End XCConfigurationList section */

/* Begin XCVersionGroup section */
		28D3F201112F7DC200FD0661 /* RainbowDrinks.xcdatamodeld */ = {
			isa = XCVersionGroup;
			children = (
				28860B760F44E54D00985440 /* RainbowDrinks.xcdatamodel */,
			);
			currentVersion = 28860B760F44E54D00985440 /* RainbowDrinks.xcdatamodel */;
			path = RainbowDrinks.xcdatamodeld;
			sourceTree = "<group>";
			versionGroupType = wrapper.xcdatamodel;
		};
/* End XCVersionGroup section */
	};
	rootObject = 29B97313FDCFA39411CA2CEA /* Project object */;
}
